// !$*UTF8*$!
{
	archiveVersion = 1;
	classes = {
	};
	objectVersion = 51;
	objects = {

/* Begin PBXBuildFile section */
		4B08316D235E9DA400F5AE53 /* Localizable.strings in Resources */ = {isa = PBXBuildFile; fileRef = 4B08316F235E9DA400F5AE53 /* Localizable.strings */; };
		4B083173235FACFD00F5AE53 /* CategorySelectorViewController.swift in Sources */ = {isa = PBXBuildFile; fileRef = 4B083172235FACFD00F5AE53 /* CategorySelectorViewController.swift */; };
		4B083175235FAD8E00F5AE53 /* CategorySelectorViewModel.swift in Sources */ = {isa = PBXBuildFile; fileRef = 4B083174235FAD8E00F5AE53 /* CategorySelectorViewModel.swift */; };
		4B083177235FB1EB00F5AE53 /* SelectableButton.swift in Sources */ = {isa = PBXBuildFile; fileRef = 4B083176235FB1EB00F5AE53 /* SelectableButton.swift */; };
		4B3AF8BA234FEA8F00DE088C /* ResultListViewController.swift in Sources */ = {isa = PBXBuildFile; fileRef = 4B3AF8B9234FEA8F00DE088C /* ResultListViewController.swift */; };
		4B3AF8BC234FEA9A00DE088C /* ResultListViewModel.swift in Sources */ = {isa = PBXBuildFile; fileRef = 4B3AF8BB234FEA9A00DE088C /* ResultListViewModel.swift */; };
		4B3AF8BE234FF0FC00DE088C /* ResponseBase.swift in Sources */ = {isa = PBXBuildFile; fileRef = 4B3AF8BD234FF0FC00DE088C /* ResponseBase.swift */; };
		4B45436D2352068A005B1815 /* ReportManager.swift in Sources */ = {isa = PBXBuildFile; fileRef = 4B45436C2352068A005B1815 /* ReportManager.swift */; };
		4B4BFD412357F6EE00FF2359 /* SectionBase.swift in Sources */ = {isa = PBXBuildFile; fileRef = 4B4BFD402357F6EE00FF2359 /* SectionBase.swift */; };
		4B4BFD452359202000FF2359 /* ReportSection.swift in Sources */ = {isa = PBXBuildFile; fileRef = 4B4BFD442359202000FF2359 /* ReportSection.swift */; };
		4B4BFD4E2359257300FF2359 /* TitleValueView.xib in Resources */ = {isa = PBXBuildFile; fileRef = 4B4BFD4D2359257300FF2359 /* TitleValueView.xib */; };
		4B4BFD502359258400FF2359 /* TitleValueView.swift in Sources */ = {isa = PBXBuildFile; fileRef = 4B4BFD4F2359258400FF2359 /* TitleValueView.swift */; };
		4B4BFD522359289600FF2359 /* MultiValueCellViewModel.swift in Sources */ = {isa = PBXBuildFile; fileRef = 4B4BFD512359289600FF2359 /* MultiValueCellViewModel.swift */; };
		4B4BFD5823592D9E00FF2359 /* UniqueValueCellViewModel.swift in Sources */ = {isa = PBXBuildFile; fileRef = 4B4BFD5723592D9E00FF2359 /* UniqueValueCellViewModel.swift */; };
		4B4BFD5D23593EA000FF2359 /* StackedCell.swift in Sources */ = {isa = PBXBuildFile; fileRef = 4B4BFD5B23593EA000FF2359 /* StackedCell.swift */; };
		4B4BFD5E23593EA000FF2359 /* StackedCell.xib in Resources */ = {isa = PBXBuildFile; fileRef = 4B4BFD5C23593EA000FF2359 /* StackedCell.xib */; };
		4B4BFD602359429600FF2359 /* ArrayCellViewModel.swift in Sources */ = {isa = PBXBuildFile; fileRef = 4B4BFD5F2359429500FF2359 /* ArrayCellViewModel.swift */; };
		4B4BFDE5235BB19A00FF2359 /* String.swift in Sources */ = {isa = PBXBuildFile; fileRef = 4B4BFDE4235BB19A00FF2359 /* String.swift */; };
		4B6944142352B4E4000A1AE7 /* MPSPApi.swift in Sources */ = {isa = PBXBuildFile; fileRef = 4B6944132352B4E4000A1AE7 /* MPSPApi.swift */; };
		4B69441B2357E40D000A1AE7 /* ReportViewController.swift in Sources */ = {isa = PBXBuildFile; fileRef = 4B69441A2357E40D000A1AE7 /* ReportViewController.swift */; };
		4B69441D2357E414000A1AE7 /* ReportViewModel.swift in Sources */ = {isa = PBXBuildFile; fileRef = 4B69441C2357E414000A1AE7 /* ReportViewModel.swift */; };
		4B71050C234BF41F001A11A8 /* SelectableListViewController.swift in Sources */ = {isa = PBXBuildFile; fileRef = 4B71050A234BF41F001A11A8 /* SelectableListViewController.swift */; };
		4B710515234C0517001A11A8 /* MaterialIcons-Regular.ttf in Resources */ = {isa = PBXBuildFile; fileRef = 4B710514234C0517001A11A8 /* MaterialIcons-Regular.ttf */; };
		4B710518234C05B1001A11A8 /* Checkbox.swift in Sources */ = {isa = PBXBuildFile; fileRef = 4B710517234C05B1001A11A8 /* Checkbox.swift */; };
		4B884998234EA62200D1EEE7 /* LabelLoadingView.xib in Resources */ = {isa = PBXBuildFile; fileRef = 4B884997234EA62200D1EEE7 /* LabelLoadingView.xib */; };
		4B88499A234EA70700D1EEE7 /* LabelLoadingView.swift in Sources */ = {isa = PBXBuildFile; fileRef = 4B884999234EA70700D1EEE7 /* LabelLoadingView.swift */; };
		4B9AD44B235E85BE0011FF77 /* DetranCNH.swift in Sources */ = {isa = PBXBuildFile; fileRef = 4B9AD44A235E85BE0011FF77 /* DetranCNH.swift */; };
		4B9AD44D235E85CF0011FF77 /* DetranVehicle.swift in Sources */ = {isa = PBXBuildFile; fileRef = 4B9AD44C235E85CF0011FF77 /* DetranVehicle.swift */; };
		4B9D49122360F5D0005E2404 /* ReportListViewController.swift in Sources */ = {isa = PBXBuildFile; fileRef = 4B9D49112360F5D0005E2404 /* ReportListViewController.swift */; };
		4B9D49142360F6EA005E2404 /* Profile.swift in Sources */ = {isa = PBXBuildFile; fileRef = 4B9D49132360F6EA005E2404 /* Profile.swift */; };
		4BCE8ABF2342C847002791B4 /* AppDelegate.swift in Sources */ = {isa = PBXBuildFile; fileRef = 4BCE8ABE2342C847002791B4 /* AppDelegate.swift */; };
		4BCE8AC42342C847002791B4 /* Main.storyboard in Resources */ = {isa = PBXBuildFile; fileRef = 4BCE8AC22342C847002791B4 /* Main.storyboard */; };
		4BCE8AC62342C84B002791B4 /* Assets.xcassets in Resources */ = {isa = PBXBuildFile; fileRef = 4BCE8AC52342C84B002791B4 /* Assets.xcassets */; };
		4BCE8AC92342C84B002791B4 /* LaunchScreen.storyboard in Resources */ = {isa = PBXBuildFile; fileRef = 4BCE8AC72342C84B002791B4 /* LaunchScreen.storyboard */; };
		4BCE8AD22342CAB8002791B4 /* HTTPClient.swift in Sources */ = {isa = PBXBuildFile; fileRef = 4BCE8AD12342CAB8002791B4 /* HTTPClient.swift */; };
		4BCE8AD52342CAE9002791B4 /* Data+Parse.swift in Sources */ = {isa = PBXBuildFile; fileRef = 4BCE8AD42342CAE9002791B4 /* Data+Parse.swift */; };
		4BCE8AD72342CB11002791B4 /* Encodable+Convert.swift in Sources */ = {isa = PBXBuildFile; fileRef = 4BCE8AD62342CB11002791B4 /* Encodable+Convert.swift */; };
		4BCE8ADC2342CBB3002791B4 /* BaseDisplayLogic.swift in Sources */ = {isa = PBXBuildFile; fileRef = 4BCE8ADB2342CBB3002791B4 /* BaseDisplayLogic.swift */; };
		4BCE8ADE2342CBD4002791B4 /* UIView.swift in Sources */ = {isa = PBXBuildFile; fileRef = 4BCE8ADD2342CBD4002791B4 /* UIView.swift */; };
		4BCE8AE12342D19B002791B4 /* Arisp.swift in Sources */ = {isa = PBXBuildFile; fileRef = 4BCE8AE02342D19B002791B4 /* Arisp.swift */; };
		4BCE8AE32342D2AE002791B4 /* Siel.swift in Sources */ = {isa = PBXBuildFile; fileRef = 4BCE8AE22342D2AE002791B4 /* Siel.swift */; };
		4BCE8AE52342D360002791B4 /* Arpensp.swift in Sources */ = {isa = PBXBuildFile; fileRef = 4BCE8AE42342D360002791B4 /* Arpensp.swift */; };
		4BCE8AE72342D3F4002791B4 /* DetranTimeLine.swift in Sources */ = {isa = PBXBuildFile; fileRef = 4BCE8AE62342D3F4002791B4 /* DetranTimeLine.swift */; };
		4BCE8AE92342D5D5002791B4 /* CagedResponsible.swift in Sources */ = {isa = PBXBuildFile; fileRef = 4BCE8AE82342D5D5002791B4 /* CagedResponsible.swift */; };
		4BCE8AED234407BA002791B4 /* CagedCompany.swift in Sources */ = {isa = PBXBuildFile; fileRef = 4BCE8AEC234407BA002791B4 /* CagedCompany.swift */; };
		4BCE8AEF23440885002791B4 /* CagedWorker.swift in Sources */ = {isa = PBXBuildFile; fileRef = 4BCE8AEE23440885002791B4 /* CagedWorker.swift */; };
		4BCE8AF123440A1D002791B4 /* Jucesp.swift in Sources */ = {isa = PBXBuildFile; fileRef = 4BCE8AF023440A1D002791B4 /* Jucesp.swift */; };
		4BCE8AF323440B03002791B4 /* Cadesp.swift in Sources */ = {isa = PBXBuildFile; fileRef = 4BCE8AF223440B03002791B4 /* Cadesp.swift */; };
		4BCE8AF523440C06002791B4 /* Censec.swift in Sources */ = {isa = PBXBuildFile; fileRef = 4BCE8AF423440C06002791B4 /* Censec.swift */; };
		4BCE8AF7234428B3002791B4 /* Sivec.swift in Sources */ = {isa = PBXBuildFile; fileRef = 4BCE8AF6234428B3002791B4 /* Sivec.swift */; };
		4BCE8AF923442A5E002791B4 /* Infocrim.swift in Sources */ = {isa = PBXBuildFile; fileRef = 4BCE8AF823442A5E002791B4 /* Infocrim.swift */; };
		4BCE8AFC23455E4E002791B4 /* ServiceSelectorViewController.swift in Sources */ = {isa = PBXBuildFile; fileRef = 4BCE8AFB23455E4E002791B4 /* ServiceSelectorViewController.swift */; };
		4BCE8AFE23455E8B002791B4 /* SearchFormViewController.swift in Sources */ = {isa = PBXBuildFile; fileRef = 4BCE8AFD23455E8B002791B4 /* SearchFormViewController.swift */; };
		4BCE8B022345655D002791B4 /* RequestBase.swift in Sources */ = {isa = PBXBuildFile; fileRef = 4BCE8B012345655D002791B4 /* RequestBase.swift */; };
		4BCE8B052346DDC0002791B4 /* BindableTextField.swift in Sources */ = {isa = PBXBuildFile; fileRef = 4BCE8B042346DDC0002791B4 /* BindableTextField.swift */; };
		4BCE8B0723491A77002791B4 /* SwitchText.xib in Resources */ = {isa = PBXBuildFile; fileRef = 4BCE8B0623491A77002791B4 /* SwitchText.xib */; };
		4BCE8B0923491B7E002791B4 /* SwitchText.swift in Sources */ = {isa = PBXBuildFile; fileRef = 4BCE8B0823491B7E002791B4 /* SwitchText.swift */; };
		4BCE8B0B234922F7002791B4 /* ServiceSelectorViewModel.swift in Sources */ = {isa = PBXBuildFile; fileRef = 4BCE8B0A234922F7002791B4 /* ServiceSelectorViewModel.swift */; };
		4BCE8B0D23492B1A002791B4 /* UIStackView.swift in Sources */ = {isa = PBXBuildFile; fileRef = 4BCE8B0C23492B1A002791B4 /* UIStackView.swift */; };
		4BCE8B0F23493476002791B4 /* SearchFormViewModel.swift in Sources */ = {isa = PBXBuildFile; fileRef = 4BCE8B0E23493476002791B4 /* SearchFormViewModel.swift */; };
		4BCE8B1123494762002791B4 /* PickerBindableTextField.swift in Sources */ = {isa = PBXBuildFile; fileRef = 4BCE8B1023494762002791B4 /* PickerBindableTextField.swift */; };
		4BD54EB32360FC32004B1366 /* ReportListViewModel.swift in Sources */ = {isa = PBXBuildFile; fileRef = 4BD54EB22360FC32004B1366 /* ReportListViewModel.swift */; };
		4BD54EB52360FECE004B1366 /* ReportCellSection.swift in Sources */ = {isa = PBXBuildFile; fileRef = 4BD54EB42360FECE004B1366 /* ReportCellSection.swift */; };
		4BD54EB72360FFEF004B1366 /* ReportCellViewModel.swift in Sources */ = {isa = PBXBuildFile; fileRef = 4BD54EB62360FFEF004B1366 /* ReportCellViewModel.swift */; };
		4BD54EB92361019D004B1366 /* ReportCell.swift in Sources */ = {isa = PBXBuildFile; fileRef = 4BD54EB82361019D004B1366 /* ReportCell.swift */; };
		4BD54EBC23612E13004B1366 /* MenuViewController.swift in Sources */ = {isa = PBXBuildFile; fileRef = 4BD54EBB23612E13004B1366 /* MenuViewController.swift */; };
		4BD54EBE23624F3A004B1366 /* Dictionary.swift in Sources */ = {isa = PBXBuildFile; fileRef = 4BD54EBD23624F3A004B1366 /* Dictionary.swift */; };
		4BD54EC023625897004B1366 /* arisp_cities.json in Resources */ = {isa = PBXBuildFile; fileRef = 4BD54EBF23625897004B1366 /* arisp_cities.json */; };
		4BD54EC22362749C004B1366 /* CommonConstants.swift in Sources */ = {isa = PBXBuildFile; fileRef = 4BD54EC12362749C004B1366 /* CommonConstants.swift */; };
		5E11970C2360B3FA00448E10 /* Report.swift in Sources */ = {isa = PBXBuildFile; fileRef = 5E11970B2360B3FA00448E10 /* Report.swift */; };
		5E9F400D2362136300201C56 /* EmptyStateView.swift in Sources */ = {isa = PBXBuildFile; fileRef = 5E9F400C2362136300201C56 /* EmptyStateView.swift */; };
		5E9F400F2362137000201C56 /* EmptyStateView.xib in Resources */ = {isa = PBXBuildFile; fileRef = 5E9F400E2362137000201C56 /* EmptyStateView.xib */; };
		F736FE07CDCC9EA0CB62E4F6 /* Pods_mpsp_ios.framework in Frameworks */ = {isa = PBXBuildFile; fileRef = ECDAFFFB2E303B4795827E23 /* Pods_mpsp_ios.framework */; };
/* End PBXBuildFile section */

/* Begin PBXFileReference section */
		4B08316E235E9DA400F5AE53 /* en */ = {isa = PBXFileReference; lastKnownFileType = text.plist.strings; name = en; path = en.lproj/Localizable.strings; sourceTree = "<group>"; };
		4B083170235E9DF400F5AE53 /* pt-BR */ = {isa = PBXFileReference; lastKnownFileType = text.plist.strings; name = "pt-BR"; path = "pt-BR.lproj/Localizable.strings"; sourceTree = "<group>"; };
		4B083172235FACFD00F5AE53 /* CategorySelectorViewController.swift */ = {isa = PBXFileReference; lastKnownFileType = sourcecode.swift; path = CategorySelectorViewController.swift; sourceTree = "<group>"; };
		4B083174235FAD8E00F5AE53 /* CategorySelectorViewModel.swift */ = {isa = PBXFileReference; lastKnownFileType = sourcecode.swift; path = CategorySelectorViewModel.swift; sourceTree = "<group>"; };
		4B083176235FB1EB00F5AE53 /* SelectableButton.swift */ = {isa = PBXFileReference; lastKnownFileType = sourcecode.swift; path = SelectableButton.swift; sourceTree = "<group>"; };
		4B3AF8B9234FEA8F00DE088C /* ResultListViewController.swift */ = {isa = PBXFileReference; lastKnownFileType = sourcecode.swift; path = ResultListViewController.swift; sourceTree = "<group>"; };
		4B3AF8BB234FEA9A00DE088C /* ResultListViewModel.swift */ = {isa = PBXFileReference; lastKnownFileType = sourcecode.swift; path = ResultListViewModel.swift; sourceTree = "<group>"; };
		4B3AF8BD234FF0FC00DE088C /* ResponseBase.swift */ = {isa = PBXFileReference; lastKnownFileType = sourcecode.swift; path = ResponseBase.swift; sourceTree = "<group>"; };
		4B45436C2352068A005B1815 /* ReportManager.swift */ = {isa = PBXFileReference; lastKnownFileType = sourcecode.swift; path = ReportManager.swift; sourceTree = "<group>"; };
		4B4BFD402357F6EE00FF2359 /* SectionBase.swift */ = {isa = PBXFileReference; lastKnownFileType = sourcecode.swift; path = SectionBase.swift; sourceTree = "<group>"; };
		4B4BFD442359202000FF2359 /* ReportSection.swift */ = {isa = PBXFileReference; lastKnownFileType = sourcecode.swift; path = ReportSection.swift; sourceTree = "<group>"; };
		4B4BFD4D2359257300FF2359 /* TitleValueView.xib */ = {isa = PBXFileReference; lastKnownFileType = file.xib; path = TitleValueView.xib; sourceTree = "<group>"; };
		4B4BFD4F2359258400FF2359 /* TitleValueView.swift */ = {isa = PBXFileReference; lastKnownFileType = sourcecode.swift; path = TitleValueView.swift; sourceTree = "<group>"; };
		4B4BFD512359289600FF2359 /* MultiValueCellViewModel.swift */ = {isa = PBXFileReference; lastKnownFileType = sourcecode.swift; path = MultiValueCellViewModel.swift; sourceTree = "<group>"; };
		4B4BFD5723592D9E00FF2359 /* UniqueValueCellViewModel.swift */ = {isa = PBXFileReference; lastKnownFileType = sourcecode.swift; path = UniqueValueCellViewModel.swift; sourceTree = "<group>"; };
		4B4BFD5B23593EA000FF2359 /* StackedCell.swift */ = {isa = PBXFileReference; lastKnownFileType = sourcecode.swift; path = StackedCell.swift; sourceTree = "<group>"; };
		4B4BFD5C23593EA000FF2359 /* StackedCell.xib */ = {isa = PBXFileReference; lastKnownFileType = file.xib; path = StackedCell.xib; sourceTree = "<group>"; };
		4B4BFD5F2359429500FF2359 /* ArrayCellViewModel.swift */ = {isa = PBXFileReference; lastKnownFileType = sourcecode.swift; path = ArrayCellViewModel.swift; sourceTree = "<group>"; };
		4B4BFDE4235BB19A00FF2359 /* String.swift */ = {isa = PBXFileReference; lastKnownFileType = sourcecode.swift; path = String.swift; sourceTree = "<group>"; };
		4B6944132352B4E4000A1AE7 /* MPSPApi.swift */ = {isa = PBXFileReference; lastKnownFileType = sourcecode.swift; path = MPSPApi.swift; sourceTree = "<group>"; };
		4B69441A2357E40D000A1AE7 /* ReportViewController.swift */ = {isa = PBXFileReference; lastKnownFileType = sourcecode.swift; path = ReportViewController.swift; sourceTree = "<group>"; };
		4B69441C2357E414000A1AE7 /* ReportViewModel.swift */ = {isa = PBXFileReference; lastKnownFileType = sourcecode.swift; path = ReportViewModel.swift; sourceTree = "<group>"; };
		4B71050A234BF41F001A11A8 /* SelectableListViewController.swift */ = {isa = PBXFileReference; lastKnownFileType = sourcecode.swift; path = SelectableListViewController.swift; sourceTree = "<group>"; };
		4B710514234C0517001A11A8 /* MaterialIcons-Regular.ttf */ = {isa = PBXFileReference; lastKnownFileType = file; path = "MaterialIcons-Regular.ttf"; sourceTree = "<group>"; };
		4B710517234C05B1001A11A8 /* Checkbox.swift */ = {isa = PBXFileReference; lastKnownFileType = sourcecode.swift; path = Checkbox.swift; sourceTree = "<group>"; };
		4B884997234EA62200D1EEE7 /* LabelLoadingView.xib */ = {isa = PBXFileReference; lastKnownFileType = file.xib; path = LabelLoadingView.xib; sourceTree = "<group>"; };
		4B884999234EA70700D1EEE7 /* LabelLoadingView.swift */ = {isa = PBXFileReference; lastKnownFileType = sourcecode.swift; path = LabelLoadingView.swift; sourceTree = "<group>"; };
		4B9AD44A235E85BE0011FF77 /* DetranCNH.swift */ = {isa = PBXFileReference; lastKnownFileType = sourcecode.swift; path = DetranCNH.swift; sourceTree = "<group>"; };
		4B9AD44C235E85CF0011FF77 /* DetranVehicle.swift */ = {isa = PBXFileReference; lastKnownFileType = sourcecode.swift; path = DetranVehicle.swift; sourceTree = "<group>"; };
		4B9D49112360F5D0005E2404 /* ReportListViewController.swift */ = {isa = PBXFileReference; lastKnownFileType = sourcecode.swift; path = ReportListViewController.swift; sourceTree = "<group>"; };
		4B9D49132360F6EA005E2404 /* Profile.swift */ = {isa = PBXFileReference; lastKnownFileType = sourcecode.swift; path = Profile.swift; sourceTree = "<group>"; };
		4BCE8ABB2342C847002791B4 /* mpsp-ios.app */ = {isa = PBXFileReference; explicitFileType = wrapper.application; includeInIndex = 0; path = "mpsp-ios.app"; sourceTree = BUILT_PRODUCTS_DIR; };
		4BCE8ABE2342C847002791B4 /* AppDelegate.swift */ = {isa = PBXFileReference; lastKnownFileType = sourcecode.swift; path = AppDelegate.swift; sourceTree = "<group>"; };
		4BCE8AC32342C847002791B4 /* Base */ = {isa = PBXFileReference; lastKnownFileType = file.storyboard; name = Base; path = Base.lproj/Main.storyboard; sourceTree = "<group>"; };
		4BCE8AC52342C84B002791B4 /* Assets.xcassets */ = {isa = PBXFileReference; lastKnownFileType = folder.assetcatalog; path = Assets.xcassets; sourceTree = "<group>"; };
		4BCE8AC82342C84B002791B4 /* Base */ = {isa = PBXFileReference; lastKnownFileType = file.storyboard; name = Base; path = Base.lproj/LaunchScreen.storyboard; sourceTree = "<group>"; };
		4BCE8ACA2342C84B002791B4 /* Info.plist */ = {isa = PBXFileReference; lastKnownFileType = text.plist.xml; path = Info.plist; sourceTree = "<group>"; };
		4BCE8AD12342CAB8002791B4 /* HTTPClient.swift */ = {isa = PBXFileReference; lastKnownFileType = sourcecode.swift; path = HTTPClient.swift; sourceTree = "<group>"; };
		4BCE8AD42342CAE9002791B4 /* Data+Parse.swift */ = {isa = PBXFileReference; lastKnownFileType = sourcecode.swift; path = "Data+Parse.swift"; sourceTree = "<group>"; };
		4BCE8AD62342CB11002791B4 /* Encodable+Convert.swift */ = {isa = PBXFileReference; lastKnownFileType = sourcecode.swift; path = "Encodable+Convert.swift"; sourceTree = "<group>"; };
		4BCE8ADB2342CBB3002791B4 /* BaseDisplayLogic.swift */ = {isa = PBXFileReference; lastKnownFileType = sourcecode.swift; path = BaseDisplayLogic.swift; sourceTree = "<group>"; };
		4BCE8ADD2342CBD4002791B4 /* UIView.swift */ = {isa = PBXFileReference; lastKnownFileType = sourcecode.swift; path = UIView.swift; sourceTree = "<group>"; };
		4BCE8AE02342D19B002791B4 /* Arisp.swift */ = {isa = PBXFileReference; lastKnownFileType = sourcecode.swift; path = Arisp.swift; sourceTree = "<group>"; };
		4BCE8AE22342D2AE002791B4 /* Siel.swift */ = {isa = PBXFileReference; lastKnownFileType = sourcecode.swift; path = Siel.swift; sourceTree = "<group>"; };
		4BCE8AE42342D360002791B4 /* Arpensp.swift */ = {isa = PBXFileReference; lastKnownFileType = sourcecode.swift; path = Arpensp.swift; sourceTree = "<group>"; };
		4BCE8AE62342D3F4002791B4 /* DetranTimeLine.swift */ = {isa = PBXFileReference; lastKnownFileType = sourcecode.swift; path = DetranTimeLine.swift; sourceTree = "<group>"; };
		4BCE8AE82342D5D5002791B4 /* CagedResponsible.swift */ = {isa = PBXFileReference; lastKnownFileType = sourcecode.swift; path = CagedResponsible.swift; sourceTree = "<group>"; };
		4BCE8AEC234407BA002791B4 /* CagedCompany.swift */ = {isa = PBXFileReference; lastKnownFileType = sourcecode.swift; path = CagedCompany.swift; sourceTree = "<group>"; };
		4BCE8AEE23440885002791B4 /* CagedWorker.swift */ = {isa = PBXFileReference; lastKnownFileType = sourcecode.swift; path = CagedWorker.swift; sourceTree = "<group>"; };
		4BCE8AF023440A1D002791B4 /* Jucesp.swift */ = {isa = PBXFileReference; lastKnownFileType = sourcecode.swift; path = Jucesp.swift; sourceTree = "<group>"; };
		4BCE8AF223440B03002791B4 /* Cadesp.swift */ = {isa = PBXFileReference; lastKnownFileType = sourcecode.swift; path = Cadesp.swift; sourceTree = "<group>"; };
		4BCE8AF423440C06002791B4 /* Censec.swift */ = {isa = PBXFileReference; lastKnownFileType = sourcecode.swift; path = Censec.swift; sourceTree = "<group>"; };
		4BCE8AF6234428B3002791B4 /* Sivec.swift */ = {isa = PBXFileReference; lastKnownFileType = sourcecode.swift; path = Sivec.swift; sourceTree = "<group>"; };
		4BCE8AF823442A5E002791B4 /* Infocrim.swift */ = {isa = PBXFileReference; lastKnownFileType = sourcecode.swift; path = Infocrim.swift; sourceTree = "<group>"; };
		4BCE8AFB23455E4E002791B4 /* ServiceSelectorViewController.swift */ = {isa = PBXFileReference; lastKnownFileType = sourcecode.swift; path = ServiceSelectorViewController.swift; sourceTree = "<group>"; };
		4BCE8AFD23455E8B002791B4 /* SearchFormViewController.swift */ = {isa = PBXFileReference; lastKnownFileType = sourcecode.swift; path = SearchFormViewController.swift; sourceTree = "<group>"; };
		4BCE8B012345655D002791B4 /* RequestBase.swift */ = {isa = PBXFileReference; lastKnownFileType = sourcecode.swift; path = RequestBase.swift; sourceTree = "<group>"; };
		4BCE8B042346DDC0002791B4 /* BindableTextField.swift */ = {isa = PBXFileReference; lastKnownFileType = sourcecode.swift; path = BindableTextField.swift; sourceTree = "<group>"; };
		4BCE8B0623491A77002791B4 /* SwitchText.xib */ = {isa = PBXFileReference; lastKnownFileType = file.xib; path = SwitchText.xib; sourceTree = "<group>"; };
		4BCE8B0823491B7E002791B4 /* SwitchText.swift */ = {isa = PBXFileReference; lastKnownFileType = sourcecode.swift; path = SwitchText.swift; sourceTree = "<group>"; };
		4BCE8B0A234922F7002791B4 /* ServiceSelectorViewModel.swift */ = {isa = PBXFileReference; lastKnownFileType = sourcecode.swift; path = ServiceSelectorViewModel.swift; sourceTree = "<group>"; };
		4BCE8B0C23492B1A002791B4 /* UIStackView.swift */ = {isa = PBXFileReference; lastKnownFileType = sourcecode.swift; path = UIStackView.swift; sourceTree = "<group>"; };
		4BCE8B0E23493476002791B4 /* SearchFormViewModel.swift */ = {isa = PBXFileReference; lastKnownFileType = sourcecode.swift; path = SearchFormViewModel.swift; sourceTree = "<group>"; };
		4BCE8B1023494762002791B4 /* PickerBindableTextField.swift */ = {isa = PBXFileReference; lastKnownFileType = sourcecode.swift; path = PickerBindableTextField.swift; sourceTree = "<group>"; };
		4BD54EB22360FC32004B1366 /* ReportListViewModel.swift */ = {isa = PBXFileReference; lastKnownFileType = sourcecode.swift; path = ReportListViewModel.swift; sourceTree = "<group>"; };
		4BD54EB42360FECE004B1366 /* ReportCellSection.swift */ = {isa = PBXFileReference; lastKnownFileType = sourcecode.swift; path = ReportCellSection.swift; sourceTree = "<group>"; };
		4BD54EB62360FFEF004B1366 /* ReportCellViewModel.swift */ = {isa = PBXFileReference; lastKnownFileType = sourcecode.swift; path = ReportCellViewModel.swift; sourceTree = "<group>"; };
		4BD54EB82361019D004B1366 /* ReportCell.swift */ = {isa = PBXFileReference; lastKnownFileType = sourcecode.swift; path = ReportCell.swift; sourceTree = "<group>"; };
		4BD54EBB23612E13004B1366 /* MenuViewController.swift */ = {isa = PBXFileReference; lastKnownFileType = sourcecode.swift; path = MenuViewController.swift; sourceTree = "<group>"; };
		4BD54EBD23624F3A004B1366 /* Dictionary.swift */ = {isa = PBXFileReference; lastKnownFileType = sourcecode.swift; path = Dictionary.swift; sourceTree = "<group>"; };
		4BD54EBF23625897004B1366 /* arisp_cities.json */ = {isa = PBXFileReference; lastKnownFileType = text.json; path = arisp_cities.json; sourceTree = "<group>"; };
		4BD54EC12362749C004B1366 /* CommonConstants.swift */ = {isa = PBXFileReference; lastKnownFileType = sourcecode.swift; path = CommonConstants.swift; sourceTree = "<group>"; };
		5E11970B2360B3FA00448E10 /* Report.swift */ = {isa = PBXFileReference; lastKnownFileType = sourcecode.swift; path = Report.swift; sourceTree = "<group>"; };
		5E9F400C2362136300201C56 /* EmptyStateView.swift */ = {isa = PBXFileReference; lastKnownFileType = sourcecode.swift; path = EmptyStateView.swift; sourceTree = "<group>"; };
		5E9F400E2362137000201C56 /* EmptyStateView.xib */ = {isa = PBXFileReference; lastKnownFileType = file.xib; path = EmptyStateView.xib; sourceTree = "<group>"; };
		8700099DF41D5AB625599B10 /* Pods-mpsp-ios.release.xcconfig */ = {isa = PBXFileReference; includeInIndex = 1; lastKnownFileType = text.xcconfig; name = "Pods-mpsp-ios.release.xcconfig"; path = "Target Support Files/Pods-mpsp-ios/Pods-mpsp-ios.release.xcconfig"; sourceTree = "<group>"; };
		C3BE8C2778536617E2640787 /* Pods-mpsp-ios.debug.xcconfig */ = {isa = PBXFileReference; includeInIndex = 1; lastKnownFileType = text.xcconfig; name = "Pods-mpsp-ios.debug.xcconfig"; path = "Target Support Files/Pods-mpsp-ios/Pods-mpsp-ios.debug.xcconfig"; sourceTree = "<group>"; };
		D96159E5B0D82AA0045FD3CF /* Pods-mpsp-ios.debug (homolog).xcconfig */ = {isa = PBXFileReference; includeInIndex = 1; lastKnownFileType = text.xcconfig; name = "Pods-mpsp-ios.debug (homolog).xcconfig"; path = "Target Support Files/Pods-mpsp-ios/Pods-mpsp-ios.debug (homolog).xcconfig"; sourceTree = "<group>"; };
		ECDAFFFB2E303B4795827E23 /* Pods_mpsp_ios.framework */ = {isa = PBXFileReference; explicitFileType = wrapper.framework; includeInIndex = 0; path = Pods_mpsp_ios.framework; sourceTree = BUILT_PRODUCTS_DIR; };
/* End PBXFileReference section */

/* Begin PBXFrameworksBuildPhase section */
		4BCE8AB82342C847002791B4 /* Frameworks */ = {
			isa = PBXFrameworksBuildPhase;
			buildActionMask = 2147483647;
			files = (
				F736FE07CDCC9EA0CB62E4F6 /* Pods_mpsp_ios.framework in Frameworks */,
			);
			runOnlyForDeploymentPostprocessing = 0;
		};
/* End PBXFrameworksBuildPhase section */

/* Begin PBXGroup section */
		2E72C73B7AF81000156C02C6 /* Frameworks */ = {
			isa = PBXGroup;
			children = (
				ECDAFFFB2E303B4795827E23 /* Pods_mpsp_ios.framework */,
			);
			name = Frameworks;
			sourceTree = "<group>";
		};
		3160ACA8626A236E604A2A73 /* Pods */ = {
			isa = PBXGroup;
			children = (
				C3BE8C2778536617E2640787 /* Pods-mpsp-ios.debug.xcconfig */,
				D96159E5B0D82AA0045FD3CF /* Pods-mpsp-ios.debug (homolog).xcconfig */,
				8700099DF41D5AB625599B10 /* Pods-mpsp-ios.release.xcconfig */,
			);
			path = Pods;
			sourceTree = "<group>";
		};
		4B083171235FACDF00F5AE53 /* CategorySelector */ = {
			isa = PBXGroup;
			children = (
				4B083172235FACFD00F5AE53 /* CategorySelectorViewController.swift */,
				4B083174235FAD8E00F5AE53 /* CategorySelectorViewModel.swift */,
			);
			path = CategorySelector;
			sourceTree = "<group>";
		};
		4B3AF8B8234FEA6500DE088C /* ResultList */ = {
			isa = PBXGroup;
			children = (
				4B3AF8B9234FEA8F00DE088C /* ResultListViewController.swift */,
				4B3AF8BB234FEA9A00DE088C /* ResultListViewModel.swift */,
			);
			path = ResultList;
			sourceTree = "<group>";
		};
		4B3AF8BF234FF12D00DE088C /* Services */ = {
			isa = PBXGroup;
			children = (
				4BCE8AE02342D19B002791B4 /* Arisp.swift */,
				4BCE8AE22342D2AE002791B4 /* Siel.swift */,
				4BCE8AE42342D360002791B4 /* Arpensp.swift */,
				4BCE8AE62342D3F4002791B4 /* DetranTimeLine.swift */,
				4B9AD44A235E85BE0011FF77 /* DetranCNH.swift */,
				4B9AD44C235E85CF0011FF77 /* DetranVehicle.swift */,
				4BCE8AE82342D5D5002791B4 /* CagedResponsible.swift */,
				4BCE8AEC234407BA002791B4 /* CagedCompany.swift */,
				4BCE8AEE23440885002791B4 /* CagedWorker.swift */,
				4BCE8AF023440A1D002791B4 /* Jucesp.swift */,
				4BCE8AF223440B03002791B4 /* Cadesp.swift */,
				4BCE8AF823442A5E002791B4 /* Infocrim.swift */,
				4BCE8AF423440C06002791B4 /* Censec.swift */,
				4BCE8AF6234428B3002791B4 /* Sivec.swift */,
			);
			path = Services;
			sourceTree = "<group>";
		};
		4B4BFD422357F70300FF2359 /* Managers */ = {
			isa = PBXGroup;
			children = (
				4B45436C2352068A005B1815 /* ReportManager.swift */,
			);
			path = Managers;
			sourceTree = "<group>";
		};
		4B4BFD432357F73700FF2359 /* Sections */ = {
			isa = PBXGroup;
			children = (
				4B4BFD442359202000FF2359 /* ReportSection.swift */,
			);
			path = Sections;
			sourceTree = "<group>";
		};
		4B4BFD46235923C600FF2359 /* Cells */ = {
			isa = PBXGroup;
			children = (
				4B4BFD5A23593E8E00FF2359 /* StackedCell */,
			);
			path = Cells;
			sourceTree = "<group>";
		};
		4B4BFD5923593E8300FF2359 /* Views */ = {
			isa = PBXGroup;
			children = (
				4B4BFD4D2359257300FF2359 /* TitleValueView.xib */,
				4B4BFD4F2359258400FF2359 /* TitleValueView.swift */,
			);
			path = Views;
			sourceTree = "<group>";
		};
		4B4BFD5A23593E8E00FF2359 /* StackedCell */ = {
			isa = PBXGroup;
			children = (
				4B4BFD5B23593EA000FF2359 /* StackedCell.swift */,
				4B4BFD5C23593EA000FF2359 /* StackedCell.xib */,
				4B4BFD5F2359429500FF2359 /* ArrayCellViewModel.swift */,
				4B4BFD512359289600FF2359 /* MultiValueCellViewModel.swift */,
				4B4BFD5723592D9E00FF2359 /* UniqueValueCellViewModel.swift */,
			);
			path = StackedCell;
			sourceTree = "<group>";
		};
		4B6944192357E3FD000A1AE7 /* Report */ = {
			isa = PBXGroup;
			children = (
				4B4BFD5923593E8300FF2359 /* Views */,
				4B4BFD46235923C600FF2359 /* Cells */,
				4B4BFD432357F73700FF2359 /* Sections */,
				4B69441A2357E40D000A1AE7 /* ReportViewController.swift */,
				4B69441C2357E414000A1AE7 /* ReportViewModel.swift */,
			);
			path = Report;
			sourceTree = "<group>";
		};
		4B710516234C0527001A11A8 /* Resources */ = {
			isa = PBXGroup;
			children = (
				4B710514234C0517001A11A8 /* MaterialIcons-Regular.ttf */,
				4BCE8AC52342C84B002791B4 /* Assets.xcassets */,
				4B08316F235E9DA400F5AE53 /* Localizable.strings */,
				4BD54EBF23625897004B1366 /* arisp_cities.json */,
			);
			path = Resources;
			sourceTree = "<group>";
		};
		4B9D49102360F5AF005E2404 /* ReportList */ = {
			isa = PBXGroup;
			children = (
				4B9D49112360F5D0005E2404 /* ReportListViewController.swift */,
				4BD54EB22360FC32004B1366 /* ReportListViewModel.swift */,
				4BD54EB42360FECE004B1366 /* ReportCellSection.swift */,
				4BD54EB62360FFEF004B1366 /* ReportCellViewModel.swift */,
				4BD54EB82361019D004B1366 /* ReportCell.swift */,
			);
			path = ReportList;
			sourceTree = "<group>";
		};
		4BCE8AB22342C847002791B4 = {
			isa = PBXGroup;
			children = (
				4BCE8ABD2342C847002791B4 /* mpsp-ios */,
				4BCE8ABC2342C847002791B4 /* Products */,
				3160ACA8626A236E604A2A73 /* Pods */,
				2E72C73B7AF81000156C02C6 /* Frameworks */,
			);
			sourceTree = "<group>";
		};
		4BCE8ABC2342C847002791B4 /* Products */ = {
			isa = PBXGroup;
			children = (
				4BCE8ABB2342C847002791B4 /* mpsp-ios.app */,
			);
			name = Products;
			sourceTree = "<group>";
		};
		4BCE8ABD2342C847002791B4 /* mpsp-ios */ = {
			isa = PBXGroup;
			children = (
				4B4BFD422357F70300FF2359 /* Managers */,
				4BCE8AD02342CAAC002791B4 /* Services */,
				4BCE8ADF2342D188002791B4 /* Models */,
				4BCE8B0023455F85002791B4 /* Screens */,
				4BCE8AD92342CB76002791B4 /* Storyboards */,
				4BCE8ADA2342CBAA002791B4 /* Commons */,
				4BCE8B032346DDAE002791B4 /* Components */,
				4BCE8AD32342CADC002791B4 /* Extensions */,
				4B710516234C0527001A11A8 /* Resources */,
				4BCE8AD82342CB45002791B4 /* Supporting Files */,
			);
			path = "mpsp-ios";
			sourceTree = "<group>";
		};
		4BCE8AD02342CAAC002791B4 /* Services */ = {
			isa = PBXGroup;
			children = (
				4BCE8AD12342CAB8002791B4 /* HTTPClient.swift */,
				4B6944132352B4E4000A1AE7 /* MPSPApi.swift */,
			);
			path = Services;
			sourceTree = "<group>";
		};
		4BCE8AD32342CADC002791B4 /* Extensions */ = {
			isa = PBXGroup;
			children = (
				4BCE8AD42342CAE9002791B4 /* Data+Parse.swift */,
				4BCE8AD62342CB11002791B4 /* Encodable+Convert.swift */,
				4BCE8ADD2342CBD4002791B4 /* UIView.swift */,
				4BCE8B0C23492B1A002791B4 /* UIStackView.swift */,
				4B4BFDE4235BB19A00FF2359 /* String.swift */,
				4BD54EBD23624F3A004B1366 /* Dictionary.swift */,
			);
			path = Extensions;
			sourceTree = "<group>";
		};
		4BCE8AD82342CB45002791B4 /* Supporting Files */ = {
			isa = PBXGroup;
			children = (
				4BCE8ABE2342C847002791B4 /* AppDelegate.swift */,
				4BCE8ACA2342C84B002791B4 /* Info.plist */,
			);
			path = "Supporting Files";
			sourceTree = "<group>";
		};
		4BCE8AD92342CB76002791B4 /* Storyboards */ = {
			isa = PBXGroup;
			children = (
				4BCE8AC22342C847002791B4 /* Main.storyboard */,
				4BCE8AC72342C84B002791B4 /* LaunchScreen.storyboard */,
			);
			path = Storyboards;
			sourceTree = "<group>";
		};
		4BCE8ADA2342CBAA002791B4 /* Commons */ = {
			isa = PBXGroup;
			children = (
				4BCE8ADB2342CBB3002791B4 /* BaseDisplayLogic.swift */,
				4B4BFD402357F6EE00FF2359 /* SectionBase.swift */,
				4BD54EC12362749C004B1366 /* CommonConstants.swift */,
			);
			path = Commons;
			sourceTree = "<group>";
		};
		4BCE8ADF2342D188002791B4 /* Models */ = {
			isa = PBXGroup;
			children = (
				5E11970B2360B3FA00448E10 /* Report.swift */,
				4BCE8B012345655D002791B4 /* RequestBase.swift */,
				4B3AF8BD234FF0FC00DE088C /* ResponseBase.swift */,
				4B3AF8BF234FF12D00DE088C /* Services */,
				4B9D49132360F6EA005E2404 /* Profile.swift */,
			);
			path = Models;
			sourceTree = "<group>";
		};
		4BCE8AFA23455E20002791B4 /* ServiceSelector */ = {
			isa = PBXGroup;
			children = (
				4BCE8AFB23455E4E002791B4 /* ServiceSelectorViewController.swift */,
				4BCE8B0A234922F7002791B4 /* ServiceSelectorViewModel.swift */,
			);
			path = ServiceSelector;
			sourceTree = "<group>";
		};
		4BCE8AFF23455F7D002791B4 /* SearchForm */ = {
			isa = PBXGroup;
			children = (
				4BCE8AFD23455E8B002791B4 /* SearchFormViewController.swift */,
				4BCE8B0E23493476002791B4 /* SearchFormViewModel.swift */,
			);
			path = SearchForm;
			sourceTree = "<group>";
		};
		4BCE8B0023455F85002791B4 /* Screens */ = {
			isa = PBXGroup;
			children = (
				4B9D49102360F5AF005E2404 /* ReportList */,
				4B083171235FACDF00F5AE53 /* CategorySelector */,
				4BCE8AFA23455E20002791B4 /* ServiceSelector */,
				4BCE8AFF23455F7D002791B4 /* SearchForm */,
				4B3AF8B8234FEA6500DE088C /* ResultList */,
				4B6944192357E3FD000A1AE7 /* Report */,
				4BD54EBA23612D8F004B1366 /* Menu */,
			);
			path = Screens;
			sourceTree = "<group>";
		};
		4BCE8B032346DDAE002791B4 /* Components */ = {
			isa = PBXGroup;
			children = (
				4BCE8B042346DDC0002791B4 /* BindableTextField.swift */,
				4BCE8B0623491A77002791B4 /* SwitchText.xib */,
				4BCE8B0823491B7E002791B4 /* SwitchText.swift */,
				4BCE8B1023494762002791B4 /* PickerBindableTextField.swift */,
				4B71050A234BF41F001A11A8 /* SelectableListViewController.swift */,
				4B710517234C05B1001A11A8 /* Checkbox.swift */,
				4B884997234EA62200D1EEE7 /* LabelLoadingView.xib */,
				4B884999234EA70700D1EEE7 /* LabelLoadingView.swift */,
				4B083176235FB1EB00F5AE53 /* SelectableButton.swift */,
				5E9F400C2362136300201C56 /* EmptyStateView.swift */,
				5E9F400E2362137000201C56 /* EmptyStateView.xib */,
			);
			path = Components;
			sourceTree = "<group>";
		};
		4BD54EBA23612D8F004B1366 /* Menu */ = {
			isa = PBXGroup;
			children = (
				4BD54EBB23612E13004B1366 /* MenuViewController.swift */,
			);
			path = Menu;
			sourceTree = "<group>";
		};
/* End PBXGroup section */

/* Begin PBXNativeTarget section */
		4BCE8ABA2342C847002791B4 /* mpsp-ios */ = {
			isa = PBXNativeTarget;
			buildConfigurationList = 4BCE8ACD2342C84B002791B4 /* Build configuration list for PBXNativeTarget "mpsp-ios" */;
			buildPhases = (
				BC68CC11C85DDA5AECF5238B /* [CP] Check Pods Manifest.lock */,
				4BCE8AB72342C847002791B4 /* Sources */,
				4BCE8AB82342C847002791B4 /* Frameworks */,
				4BCE8AB92342C847002791B4 /* Resources */,
				D519CCCE0E608C9889F65AD1 /* [CP] Embed Pods Frameworks */,
			);
			buildRules = (
			);
			dependencies = (
			);
			name = "mpsp-ios";
			productName = "mpsp-ios";
			productReference = 4BCE8ABB2342C847002791B4 /* mpsp-ios.app */;
			productType = "com.apple.product-type.application";
		};
/* End PBXNativeTarget section */

/* Begin PBXProject section */
		4BCE8AB32342C847002791B4 /* Project object */ = {
			isa = PBXProject;
			attributes = {
				LastSwiftUpdateCheck = 1030;
				LastUpgradeCheck = 1030;
				ORGANIZATIONNAME = "Paulo Lourenço";
				TargetAttributes = {
					4BCE8ABA2342C847002791B4 = {
						CreatedOnToolsVersion = 10.3;
					};
				};
			};
			buildConfigurationList = 4BCE8AB62342C847002791B4 /* Build configuration list for PBXProject "mpsp-ios" */;
			compatibilityVersion = "Xcode 9.3";
			developmentRegion = en;
			hasScannedForEncodings = 0;
			knownRegions = (
				en,
				Base,
				"pt-BR",
			);
			mainGroup = 4BCE8AB22342C847002791B4;
			productRefGroup = 4BCE8ABC2342C847002791B4 /* Products */;
			projectDirPath = "";
			projectRoot = "";
			targets = (
				4BCE8ABA2342C847002791B4 /* mpsp-ios */,
			);
		};
/* End PBXProject section */

/* Begin PBXResourcesBuildPhase section */
		4BCE8AB92342C847002791B4 /* Resources */ = {
			isa = PBXResourcesBuildPhase;
			buildActionMask = 2147483647;
			files = (
				4BD54EC023625897004B1366 /* arisp_cities.json in Resources */,
				4BCE8AC92342C84B002791B4 /* LaunchScreen.storyboard in Resources */,
				4B4BFD5E23593EA000FF2359 /* StackedCell.xib in Resources */,
				4BCE8AC62342C84B002791B4 /* Assets.xcassets in Resources */,
				4BCE8B0723491A77002791B4 /* SwitchText.xib in Resources */,
				4B08316D235E9DA400F5AE53 /* Localizable.strings in Resources */,
				4B710515234C0517001A11A8 /* MaterialIcons-Regular.ttf in Resources */,
				5E9F400F2362137000201C56 /* EmptyStateView.xib in Resources */,
				4B4BFD4E2359257300FF2359 /* TitleValueView.xib in Resources */,
				4B884998234EA62200D1EEE7 /* LabelLoadingView.xib in Resources */,
				4BCE8AC42342C847002791B4 /* Main.storyboard in Resources */,
			);
			runOnlyForDeploymentPostprocessing = 0;
		};
/* End PBXResourcesBuildPhase section */

/* Begin PBXShellScriptBuildPhase section */
		BC68CC11C85DDA5AECF5238B /* [CP] Check Pods Manifest.lock */ = {
			isa = PBXShellScriptBuildPhase;
			buildActionMask = 2147483647;
			files = (
			);
			inputFileListPaths = (
			);
			inputPaths = (
				"${PODS_PODFILE_DIR_PATH}/Podfile.lock",
				"${PODS_ROOT}/Manifest.lock",
			);
			name = "[CP] Check Pods Manifest.lock";
			outputFileListPaths = (
			);
			outputPaths = (
				"$(DERIVED_FILE_DIR)/Pods-mpsp-ios-checkManifestLockResult.txt",
			);
			runOnlyForDeploymentPostprocessing = 0;
			shellPath = /bin/sh;
			shellScript = "diff \"${PODS_PODFILE_DIR_PATH}/Podfile.lock\" \"${PODS_ROOT}/Manifest.lock\" > /dev/null\nif [ $? != 0 ] ; then\n    # print error to STDERR\n    echo \"error: The sandbox is not in sync with the Podfile.lock. Run 'pod install' or update your CocoaPods installation.\" >&2\n    exit 1\nfi\n# This output is used by Xcode 'outputs' to avoid re-running this script phase.\necho \"SUCCESS\" > \"${SCRIPT_OUTPUT_FILE_0}\"\n";
			showEnvVarsInLog = 0;
		};
		D519CCCE0E608C9889F65AD1 /* [CP] Embed Pods Frameworks */ = {
			isa = PBXShellScriptBuildPhase;
			buildActionMask = 2147483647;
			files = (
			);
			inputFileListPaths = (
				"${PODS_ROOT}/Target Support Files/Pods-mpsp-ios/Pods-mpsp-ios-frameworks-${CONFIGURATION}-input-files.xcfilelist",
			);
			name = "[CP] Embed Pods Frameworks";
			outputFileListPaths = (
				"${PODS_ROOT}/Target Support Files/Pods-mpsp-ios/Pods-mpsp-ios-frameworks-${CONFIGURATION}-output-files.xcfilelist",
			);
			runOnlyForDeploymentPostprocessing = 0;
			shellPath = /bin/sh;
			shellScript = "\"${PODS_ROOT}/Target Support Files/Pods-mpsp-ios/Pods-mpsp-ios-frameworks.sh\"\n";
			showEnvVarsInLog = 0;
		};
/* End PBXShellScriptBuildPhase section */

/* Begin PBXSourcesBuildPhase section */
		4BCE8AB72342C847002791B4 /* Sources */ = {
			isa = PBXSourcesBuildPhase;
			buildActionMask = 2147483647;
			files = (
				4BCE8B0F23493476002791B4 /* SearchFormViewModel.swift in Sources */,
				4BCE8AF123440A1D002791B4 /* Jucesp.swift in Sources */,
				4BCE8AE52342D360002791B4 /* Arpensp.swift in Sources */,
				4BCE8ABF2342C847002791B4 /* AppDelegate.swift in Sources */,
				4BCE8AF923442A5E002791B4 /* Infocrim.swift in Sources */,
				4B4BFD5D23593EA000FF2359 /* StackedCell.swift in Sources */,
				4BCE8AE32342D2AE002791B4 /* Siel.swift in Sources */,
				4B4BFD412357F6EE00FF2359 /* SectionBase.swift in Sources */,
				4BCE8ADC2342CBB3002791B4 /* BaseDisplayLogic.swift in Sources */,
				4BD54EBC23612E13004B1366 /* MenuViewController.swift in Sources */,
				4BCE8ADE2342CBD4002791B4 /* UIView.swift in Sources */,
				4BCE8AED234407BA002791B4 /* CagedCompany.swift in Sources */,
				4B4BFD502359258400FF2359 /* TitleValueView.swift in Sources */,
				4BD54EB72360FFEF004B1366 /* ReportCellViewModel.swift in Sources */,
				4B4BFDE5235BB19A00FF2359 /* String.swift in Sources */,
				4B9AD44D235E85CF0011FF77 /* DetranVehicle.swift in Sources */,
				4BCE8AF7234428B3002791B4 /* Sivec.swift in Sources */,
				4B88499A234EA70700D1EEE7 /* LabelLoadingView.swift in Sources */,
				4B6944142352B4E4000A1AE7 /* MPSPApi.swift in Sources */,
				5E11970C2360B3FA00448E10 /* Report.swift in Sources */,
				4BCE8AE92342D5D5002791B4 /* CagedResponsible.swift in Sources */,
				4B4BFD452359202000FF2359 /* ReportSection.swift in Sources */,
				4B71050C234BF41F001A11A8 /* SelectableListViewController.swift in Sources */,
				4BD54EB52360FECE004B1366 /* ReportCellSection.swift in Sources */,
				4B3AF8BC234FEA9A00DE088C /* ResultListViewModel.swift in Sources */,
				4BCE8AD22342CAB8002791B4 /* HTTPClient.swift in Sources */,
				4B083175235FAD8E00F5AE53 /* CategorySelectorViewModel.swift in Sources */,
				4BCE8B1123494762002791B4 /* PickerBindableTextField.swift in Sources */,
				4B710518234C05B1001A11A8 /* Checkbox.swift in Sources */,
				4B3AF8BE234FF0FC00DE088C /* ResponseBase.swift in Sources */,
				4BCE8B0D23492B1A002791B4 /* UIStackView.swift in Sources */,
				4BCE8B052346DDC0002791B4 /* BindableTextField.swift in Sources */,
				4B45436D2352068A005B1815 /* ReportManager.swift in Sources */,
				4B9D49142360F6EA005E2404 /* Profile.swift in Sources */,
				4B9AD44B235E85BE0011FF77 /* DetranCNH.swift in Sources */,
				4BCE8AE12342D19B002791B4 /* Arisp.swift in Sources */,
				4BD54EB92361019D004B1366 /* ReportCell.swift in Sources */,
				4BD54EC22362749C004B1366 /* CommonConstants.swift in Sources */,
				4B3AF8BA234FEA8F00DE088C /* ResultListViewController.swift in Sources */,
				4B4BFD602359429600FF2359 /* ArrayCellViewModel.swift in Sources */,
				4B4BFD522359289600FF2359 /* MultiValueCellViewModel.swift in Sources */,
				4BCE8B0B234922F7002791B4 /* ServiceSelectorViewModel.swift in Sources */,
				4BD54EBE23624F3A004B1366 /* Dictionary.swift in Sources */,
				4BCE8AEF23440885002791B4 /* CagedWorker.swift in Sources */,
				4BCE8AD72342CB11002791B4 /* Encodable+Convert.swift in Sources */,
				4BCE8AD52342CAE9002791B4 /* Data+Parse.swift in Sources */,
				4BCE8AF523440C06002791B4 /* Censec.swift in Sources */,
				4B9D49122360F5D0005E2404 /* ReportListViewController.swift in Sources */,
				4BCE8B022345655D002791B4 /* RequestBase.swift in Sources */,
				5E9F400D2362136300201C56 /* EmptyStateView.swift in Sources */,
				4BCE8B0923491B7E002791B4 /* SwitchText.swift in Sources */,
				4BCE8AF323440B03002791B4 /* Cadesp.swift in Sources */,
				4B69441B2357E40D000A1AE7 /* ReportViewController.swift in Sources */,
				4B083177235FB1EB00F5AE53 /* SelectableButton.swift in Sources */,
				4B4BFD5823592D9E00FF2359 /* UniqueValueCellViewModel.swift in Sources */,
				4BCE8AFE23455E8B002791B4 /* SearchFormViewController.swift in Sources */,
				4BCE8AE72342D3F4002791B4 /* DetranTimeLine.swift in Sources */,
				4BD54EB32360FC32004B1366 /* ReportListViewModel.swift in Sources */,
				4B083173235FACFD00F5AE53 /* CategorySelectorViewController.swift in Sources */,
				4B69441D2357E414000A1AE7 /* ReportViewModel.swift in Sources */,
				4BCE8AFC23455E4E002791B4 /* ServiceSelectorViewController.swift in Sources */,
			);
			runOnlyForDeploymentPostprocessing = 0;
		};
/* End PBXSourcesBuildPhase section */

/* Begin PBXVariantGroup section */
		4B08316F235E9DA400F5AE53 /* Localizable.strings */ = {
			isa = PBXVariantGroup;
			children = (
				4B08316E235E9DA400F5AE53 /* en */,
				4B083170235E9DF400F5AE53 /* pt-BR */,
			);
			name = Localizable.strings;
			sourceTree = "<group>";
		};
		4BCE8AC22342C847002791B4 /* Main.storyboard */ = {
			isa = PBXVariantGroup;
			children = (
				4BCE8AC32342C847002791B4 /* Base */,
			);
			name = Main.storyboard;
			sourceTree = "<group>";
		};
		4BCE8AC72342C84B002791B4 /* LaunchScreen.storyboard */ = {
			isa = PBXVariantGroup;
			children = (
				4BCE8AC82342C84B002791B4 /* Base */,
			);
			name = LaunchScreen.storyboard;
			sourceTree = "<group>";
		};
/* End PBXVariantGroup section */

/* Begin XCBuildConfiguration section */
		4B4BFDA1235BA61300FF2359 /* Debug (Homolog) */ = {
			isa = XCBuildConfiguration;
			buildSettings = {
				ALWAYS_SEARCH_USER_PATHS = NO;
				CLANG_ANALYZER_LOCALIZABILITY_NONLOCALIZED = YES;
				CLANG_ANALYZER_NONNULL = YES;
				CLANG_ANALYZER_NUMBER_OBJECT_CONVERSION = YES_AGGRESSIVE;
				CLANG_CXX_LANGUAGE_STANDARD = "gnu++14";
				CLANG_CXX_LIBRARY = "libc++";
				CLANG_ENABLE_MODULES = YES;
				CLANG_ENABLE_OBJC_ARC = YES;
				CLANG_ENABLE_OBJC_WEAK = YES;
				CLANG_WARN_BLOCK_CAPTURE_AUTORELEASING = YES;
				CLANG_WARN_BOOL_CONVERSION = YES;
				CLANG_WARN_COMMA = YES;
				CLANG_WARN_CONSTANT_CONVERSION = YES;
				CLANG_WARN_DEPRECATED_OBJC_IMPLEMENTATIONS = YES;
				CLANG_WARN_DIRECT_OBJC_ISA_USAGE = YES_ERROR;
				CLANG_WARN_DOCUMENTATION_COMMENTS = YES;
				CLANG_WARN_EMPTY_BODY = YES;
				CLANG_WARN_ENUM_CONVERSION = YES;
				CLANG_WARN_INFINITE_RECURSION = YES;
				CLANG_WARN_INT_CONVERSION = YES;
				CLANG_WARN_NON_LITERAL_NULL_CONVERSION = YES;
				CLANG_WARN_OBJC_IMPLICIT_RETAIN_SELF = YES;
				CLANG_WARN_OBJC_LITERAL_CONVERSION = YES;
				CLANG_WARN_OBJC_ROOT_CLASS = YES_ERROR;
				CLANG_WARN_RANGE_LOOP_ANALYSIS = YES;
				CLANG_WARN_STRICT_PROTOTYPES = YES;
				CLANG_WARN_SUSPICIOUS_MOVE = YES;
				CLANG_WARN_UNGUARDED_AVAILABILITY = YES_AGGRESSIVE;
				CLANG_WARN_UNREACHABLE_CODE = YES;
				CLANG_WARN__DUPLICATE_METHOD_MATCH = YES;
				CODE_SIGN_IDENTITY = "iPhone Developer";
				COPY_PHASE_STRIP = NO;
				DEBUG_INFORMATION_FORMAT = dwarf;
				ENABLE_STRICT_OBJC_MSGSEND = YES;
				ENABLE_TESTABILITY = YES;
				GCC_C_LANGUAGE_STANDARD = gnu11;
				GCC_DYNAMIC_NO_PIC = NO;
				GCC_NO_COMMON_BLOCKS = YES;
				GCC_OPTIMIZATION_LEVEL = 0;
				GCC_PREPROCESSOR_DEFINITIONS = (
					"DEBUG=1",
					"$(inherited)",
				);
				GCC_WARN_64_TO_32_BIT_CONVERSION = YES;
				GCC_WARN_ABOUT_RETURN_TYPE = YES_ERROR;
				GCC_WARN_UNDECLARED_SELECTOR = YES;
				GCC_WARN_UNINITIALIZED_AUTOS = YES_AGGRESSIVE;
				GCC_WARN_UNUSED_FUNCTION = YES;
				GCC_WARN_UNUSED_VARIABLE = YES;
				IPHONEOS_DEPLOYMENT_TARGET = 12.4;
				MTL_ENABLE_DEBUG_INFO = INCLUDE_SOURCE;
				MTL_FAST_MATH = YES;
				ONLY_ACTIVE_ARCH = YES;
				SDKROOT = iphoneos;
				SWIFT_ACTIVE_COMPILATION_CONDITIONS = DEBUG;
				SWIFT_OPTIMIZATION_LEVEL = "-Onone";
			};
			name = "Debug (Homolog)";
		};
		4B4BFDA2235BA61300FF2359 /* Debug (Homolog) */ = {
			isa = XCBuildConfiguration;
			baseConfigurationReference = D96159E5B0D82AA0045FD3CF /* Pods-mpsp-ios.debug (homolog).xcconfig */;
			buildSettings = {
				ASSETCATALOG_COMPILER_APPICON_NAME = AppIcon;
				CODE_SIGN_STYLE = Automatic;
				DEVELOPMENT_TEAM = W8W67XPP2J;
				INFOPLIST_FILE = "$(SRCROOT)/mpsp-ios/Supporting Files/Info.plist";
				IPHONEOS_DEPLOYMENT_TARGET = 10.0;
				LD_RUNPATH_SEARCH_PATHS = (
					"$(inherited)",
					"@executable_path/Frameworks",
				);
				OTHER_SWIFT_FLAGS = "$(inherited) -D COCOAPODS -D HOMOLOG";
				PRODUCT_BUNDLE_IDENTIFIER = "com.phlourenco.mpsp-ios";
				PRODUCT_NAME = "$(TARGET_NAME)";
				SWIFT_VERSION = 5.0;
				TARGETED_DEVICE_FAMILY = 1;
			};
			name = "Debug (Homolog)";
		};
		4BCE8ACB2342C84B002791B4 /* Debug */ = {
			isa = XCBuildConfiguration;
			buildSettings = {
				ALWAYS_SEARCH_USER_PATHS = NO;
				CLANG_ANALYZER_LOCALIZABILITY_NONLOCALIZED = YES;
				CLANG_ANALYZER_NONNULL = YES;
				CLANG_ANALYZER_NUMBER_OBJECT_CONVERSION = YES_AGGRESSIVE;
				CLANG_CXX_LANGUAGE_STANDARD = "gnu++14";
				CLANG_CXX_LIBRARY = "libc++";
				CLANG_ENABLE_MODULES = YES;
				CLANG_ENABLE_OBJC_ARC = YES;
				CLANG_ENABLE_OBJC_WEAK = YES;
				CLANG_WARN_BLOCK_CAPTURE_AUTORELEASING = YES;
				CLANG_WARN_BOOL_CONVERSION = YES;
				CLANG_WARN_COMMA = YES;
				CLANG_WARN_CONSTANT_CONVERSION = YES;
				CLANG_WARN_DEPRECATED_OBJC_IMPLEMENTATIONS = YES;
				CLANG_WARN_DIRECT_OBJC_ISA_USAGE = YES_ERROR;
				CLANG_WARN_DOCUMENTATION_COMMENTS = YES;
				CLANG_WARN_EMPTY_BODY = YES;
				CLANG_WARN_ENUM_CONVERSION = YES;
				CLANG_WARN_INFINITE_RECURSION = YES;
				CLANG_WARN_INT_CONVERSION = YES;
				CLANG_WARN_NON_LITERAL_NULL_CONVERSION = YES;
				CLANG_WARN_OBJC_IMPLICIT_RETAIN_SELF = YES;
				CLANG_WARN_OBJC_LITERAL_CONVERSION = YES;
				CLANG_WARN_OBJC_ROOT_CLASS = YES_ERROR;
				CLANG_WARN_RANGE_LOOP_ANALYSIS = YES;
				CLANG_WARN_STRICT_PROTOTYPES = YES;
				CLANG_WARN_SUSPICIOUS_MOVE = YES;
				CLANG_WARN_UNGUARDED_AVAILABILITY = YES_AGGRESSIVE;
				CLANG_WARN_UNREACHABLE_CODE = YES;
				CLANG_WARN__DUPLICATE_METHOD_MATCH = YES;
				CODE_SIGN_IDENTITY = "iPhone Developer";
				COPY_PHASE_STRIP = NO;
				DEBUG_INFORMATION_FORMAT = dwarf;
				ENABLE_STRICT_OBJC_MSGSEND = YES;
				ENABLE_TESTABILITY = YES;
				GCC_C_LANGUAGE_STANDARD = gnu11;
				GCC_DYNAMIC_NO_PIC = NO;
				GCC_NO_COMMON_BLOCKS = YES;
				GCC_OPTIMIZATION_LEVEL = 0;
				GCC_PREPROCESSOR_DEFINITIONS = (
					"DEBUG=1",
					"$(inherited)",
				);
				GCC_WARN_64_TO_32_BIT_CONVERSION = YES;
				GCC_WARN_ABOUT_RETURN_TYPE = YES_ERROR;
				GCC_WARN_UNDECLARED_SELECTOR = YES;
				GCC_WARN_UNINITIALIZED_AUTOS = YES_AGGRESSIVE;
				GCC_WARN_UNUSED_FUNCTION = YES;
				GCC_WARN_UNUSED_VARIABLE = YES;
				IPHONEOS_DEPLOYMENT_TARGET = 12.4;
				MTL_ENABLE_DEBUG_INFO = INCLUDE_SOURCE;
				MTL_FAST_MATH = YES;
				ONLY_ACTIVE_ARCH = YES;
				SDKROOT = iphoneos;
				SWIFT_ACTIVE_COMPILATION_CONDITIONS = DEBUG;
				SWIFT_OPTIMIZATION_LEVEL = "-Onone";
			};
			name = Debug;
		};
		4BCE8ACC2342C84B002791B4 /* Release */ = {
			isa = XCBuildConfiguration;
			buildSettings = {
				ALWAYS_SEARCH_USER_PATHS = NO;
				CLANG_ANALYZER_LOCALIZABILITY_NONLOCALIZED = YES;
				CLANG_ANALYZER_NONNULL = YES;
				CLANG_ANALYZER_NUMBER_OBJECT_CONVERSION = YES_AGGRESSIVE;
				CLANG_CXX_LANGUAGE_STANDARD = "gnu++14";
				CLANG_CXX_LIBRARY = "libc++";
				CLANG_ENABLE_MODULES = YES;
				CLANG_ENABLE_OBJC_ARC = YES;
				CLANG_ENABLE_OBJC_WEAK = YES;
				CLANG_WARN_BLOCK_CAPTURE_AUTORELEASING = YES;
				CLANG_WARN_BOOL_CONVERSION = YES;
				CLANG_WARN_COMMA = YES;
				CLANG_WARN_CONSTANT_CONVERSION = YES;
				CLANG_WARN_DEPRECATED_OBJC_IMPLEMENTATIONS = YES;
				CLANG_WARN_DIRECT_OBJC_ISA_USAGE = YES_ERROR;
				CLANG_WARN_DOCUMENTATION_COMMENTS = YES;
				CLANG_WARN_EMPTY_BODY = YES;
				CLANG_WARN_ENUM_CONVERSION = YES;
				CLANG_WARN_INFINITE_RECURSION = YES;
				CLANG_WARN_INT_CONVERSION = YES;
				CLANG_WARN_NON_LITERAL_NULL_CONVERSION = YES;
				CLANG_WARN_OBJC_IMPLICIT_RETAIN_SELF = YES;
				CLANG_WARN_OBJC_LITERAL_CONVERSION = YES;
				CLANG_WARN_OBJC_ROOT_CLASS = YES_ERROR;
				CLANG_WARN_RANGE_LOOP_ANALYSIS = YES;
				CLANG_WARN_STRICT_PROTOTYPES = YES;
				CLANG_WARN_SUSPICIOUS_MOVE = YES;
				CLANG_WARN_UNGUARDED_AVAILABILITY = YES_AGGRESSIVE;
				CLANG_WARN_UNREACHABLE_CODE = YES;
				CLANG_WARN__DUPLICATE_METHOD_MATCH = YES;
				CODE_SIGN_IDENTITY = "iPhone Developer";
				COPY_PHASE_STRIP = NO;
				DEBUG_INFORMATION_FORMAT = "dwarf-with-dsym";
				ENABLE_NS_ASSERTIONS = NO;
				ENABLE_STRICT_OBJC_MSGSEND = YES;
				GCC_C_LANGUAGE_STANDARD = gnu11;
				GCC_NO_COMMON_BLOCKS = YES;
				GCC_WARN_64_TO_32_BIT_CONVERSION = YES;
				GCC_WARN_ABOUT_RETURN_TYPE = YES_ERROR;
				GCC_WARN_UNDECLARED_SELECTOR = YES;
				GCC_WARN_UNINITIALIZED_AUTOS = YES_AGGRESSIVE;
				GCC_WARN_UNUSED_FUNCTION = YES;
				GCC_WARN_UNUSED_VARIABLE = YES;
				IPHONEOS_DEPLOYMENT_TARGET = 12.4;
				MTL_ENABLE_DEBUG_INFO = NO;
				MTL_FAST_MATH = YES;
				SDKROOT = iphoneos;
				SWIFT_COMPILATION_MODE = wholemodule;
				SWIFT_OPTIMIZATION_LEVEL = "-O";
				VALIDATE_PRODUCT = YES;
			};
			name = Release;
		};
		4BCE8ACE2342C84B002791B4 /* Debug */ = {
			isa = XCBuildConfiguration;
			baseConfigurationReference = C3BE8C2778536617E2640787 /* Pods-mpsp-ios.debug.xcconfig */;
			buildSettings = {
				ASSETCATALOG_COMPILER_APPICON_NAME = AppIcon;
				CODE_SIGN_STYLE = Automatic;
				DEVELOPMENT_TEAM = W8W67XPP2J;
				INFOPLIST_FILE = "$(SRCROOT)/mpsp-ios/Supporting Files/Info.plist";
				IPHONEOS_DEPLOYMENT_TARGET = 10.0;
				LD_RUNPATH_SEARCH_PATHS = (
					"$(inherited)",
					"@executable_path/Frameworks",
				);
				OTHER_SWIFT_FLAGS = "$(inherited) -D COCOAPODS -D MOCK";
				PRODUCT_BUNDLE_IDENTIFIER = "com.phlourenco.mpsp-ios";
				PRODUCT_NAME = "$(TARGET_NAME)";
				SWIFT_VERSION = 5.0;
				TARGETED_DEVICE_FAMILY = 1;
			};
			name = Debug;
		};
		4BCE8ACF2342C84B002791B4 /* Release */ = {
			isa = XCBuildConfiguration;
			baseConfigurationReference = 8700099DF41D5AB625599B10 /* Pods-mpsp-ios.release.xcconfig */;
			buildSettings = {
				ASSETCATALOG_COMPILER_APPICON_NAME = AppIcon;
				CODE_SIGN_STYLE = Automatic;
				DEVELOPMENT_TEAM = W8W67XPP2J;
				INFOPLIST_FILE = "$(SRCROOT)/mpsp-ios/Supporting Files/Info.plist";
				IPHONEOS_DEPLOYMENT_TARGET = 10.0;
				LD_RUNPATH_SEARCH_PATHS = (
					"$(inherited)",
					"@executable_path/Frameworks",
				);
				OTHER_SWIFT_FLAGS = "$(inherited) -D COCOAPODS -D RELEASE";
				PRODUCT_BUNDLE_IDENTIFIER = "com.phlourenco.mpsp-ios";
				PRODUCT_NAME = "$(TARGET_NAME)";
				SWIFT_VERSION = 5.0;
				TARGETED_DEVICE_FAMILY = 1;
			};
			name = Release;
		};
/* End XCBuildConfiguration section */

/* Begin XCConfigurationList section */
		4BCE8AB62342C847002791B4 /* Build configuration list for PBXProject "mpsp-ios" */ = {
			isa = XCConfigurationList;
			buildConfigurations = (
				4BCE8ACB2342C84B002791B4 /* Debug */,
				4B4BFDA1235BA61300FF2359 /* Debug (Homolog) */,
				4BCE8ACC2342C84B002791B4 /* Release */,
			);
			defaultConfigurationIsVisible = 0;
			defaultConfigurationName = Release;
		};
		4BCE8ACD2342C84B002791B4 /* Build configuration list for PBXNativeTarget "mpsp-ios" */ = {
			isa = XCConfigurationList;
			buildConfigurations = (
				4BCE8ACE2342C84B002791B4 /* Debug */,
				4B4BFDA2235BA61300FF2359 /* Debug (Homolog) */,
				4BCE8ACF2342C84B002791B4 /* Release */,
			);
			defaultConfigurationIsVisible = 0;
			defaultConfigurationName = Release;
		};
/* End XCConfigurationList section */
	};
	rootObject = 4BCE8AB32342C847002791B4 /* Project object */;
}
